
Microsoft Visual Studio Solution File, Format Version 11.00
# Visual Studio 2010
Project("{FAE04EC0-301F-11D3-BF4B-00C04F79EFBC}") = "ESMERALDAClasses", "ESMERALDAClasses\ESMERALDAClasses.csproj", "{C54E573C-5E88-41A9-95B6-72689C93BB84}"
EndProject
Project("{FAE04EC0-301F-11D3-BF4B-00C04F79EFBC}") = "SlimeeLibrary", "..\Slimee\SlimeeLibrary\SlimeeLibrary.csproj", "{19C678F8-AE96-402A-B2BC-5CC616C4381A}"
EndProject
Project("{FAE04EC0-301F-11D3-BF4B-00C04F79EFBC}") = "ESMERALDA", "ESMERALDA\ESMERALDA.csproj", "{8EA8C161-0D87-491F-BF4C-373E34C99563}"
EndProject
Project("{FAE04EC0-301F-11D3-BF4B-00C04F79EFBC}") = "MetadataMigrator", "MetadataMigrator\MetadataMigrator.csproj", "{EFAF3EA6-875F-4B66-8C75-9F38B2E4B2A3}"
EndProject
Project("{FAE04EC0-301F-11D3-BF4B-00C04F79EFBC}") = "ESMERALDA_LargeImportService", "ESMERALDA_LargeImportService\ESMERALDA_LargeImportService.csproj", "{A1D3480D-56E2-4EF3-813E-C2A0453D3CCE}"
EndProject
Project("{FAE04EC0-301F-11D3-BF4B-00C04F79EFBC}") = "ESMERALDA_ImportTool", "ESMERALDA_ImportTool\ESMERALDA_ImportTool.csproj", "{8C7960CD-2BEA-4F33-830B-9F59FB46A917}"
EndProject
Project("{FAE04EC0-301F-11D3-BF4B-00C04F79EFBC}") = "LumenWorks.Framework.IO", "..\CSVReader\LumenWorks.Framework.IO\LumenWorks.Framework.IO.csproj", "{E3B83D68-C90C-4874-8E5F-DEC8D038BC7C}"
EndProject
Project("{FAE04EC0-301F-11D3-BF4B-00C04F79EFBC}") = "Catfood.Shapefile", "..\Catfood.Shapefile\Catfood.Shapefile\Catfood.Shapefile.csproj", "{2086F1A5-3D34-40AD-80EF-C1943411451F}"
EndProject
Project("{FAE04EC0-301F-11D3-BF4B-00C04F79EFBC}") = "LargeDownloadPackager", "LargeDownloadPackager\LargeDownloadPackager.csproj", "{6079A271-93F6-43D7-BEE3-3B98BF78A7C2}"
EndProject
Global
	GlobalSection(SolutionConfigurationPlatforms) = preSolution
		Debug|Any CPU = Debug|Any CPU
		Debug|Mixed Platforms = Debug|Mixed Platforms
		Debug|x86 = Debug|x86
		Release|Any CPU = Release|Any CPU
		Release|Mixed Platforms = Release|Mixed Platforms
		Release|x86 = Release|x86
	EndGlobalSection
	GlobalSection(ProjectConfigurationPlatforms) = postSolution
		{C54E573C-5E88-41A9-95B6-72689C93BB84}.Debug|Any CPU.ActiveCfg = Debug|Any CPU
		{C54E573C-5E88-41A9-95B6-72689C93BB84}.Debug|Any CPU.Build.0 = Debug|Any CPU
		{C54E573C-5E88-41A9-95B6-72689C93BB84}.Debug|Mixed Platforms.ActiveCfg = Debug|Any CPU
		{C54E573C-5E88-41A9-95B6-72689C93BB84}.Debug|Mixed Platforms.Build.0 = Debug|Any CPU
		{C54E573C-5E88-41A9-95B6-72689C93BB84}.Debug|x86.ActiveCfg = Debug|Any CPU
		{C54E573C-5E88-41A9-95B6-72689C93BB84}.Release|Any CPU.ActiveCfg = Release|Any CPU
		{C54E573C-5E88-41A9-95B6-72689C93BB84}.Release|Any CPU.Build.0 = Release|Any CPU
		{C54E573C-5E88-41A9-95B6-72689C93BB84}.Release|Mixed Platforms.ActiveCfg = Release|Any CPU
		{C54E573C-5E88-41A9-95B6-72689C93BB84}.Release|Mixed Platforms.Build.0 = Release|Any CPU
		{C54E573C-5E88-41A9-95B6-72689C93BB84}.Release|x86.ActiveCfg = Release|Any CPU
		{19C678F8-AE96-402A-B2BC-5CC616C4381A}.Debug|Any CPU.ActiveCfg = Debug|Any CPU
		{19C678F8-AE96-402A-B2BC-5CC616C4381A}.Debug|Any CPU.Build.0 = Debug|Any CPU
		{19C678F8-AE96-402A-B2BC-5CC616C4381A}.Debug|Mixed Platforms.ActiveCfg = Debug|Any CPU
		{19C678F8-AE96-402A-B2BC-5CC616C4381A}.Debug|Mixed Platforms.Build.0 = Debug|Any CPU
		{19C678F8-AE96-402A-B2BC-5CC616C4381A}.Debug|x86.ActiveCfg = Debug|Any CPU
		{19C678F8-AE96-402A-B2BC-5CC616C4381A}.Release|Any CPU.ActiveCfg = Release|Any CPU
		{19C678F8-AE96-402A-B2BC-5CC616C4381A}.Release|Any CPU.Build.0 = Release|Any CPU
		{19C678F8-AE96-402A-B2BC-5CC616C4381A}.Release|Mixed Platforms.ActiveCfg = Release|Any CPU
		{19C678F8-AE96-402A-B2BC-5CC616C4381A}.Release|Mixed Platforms.Build.0 = Release|Any CPU
		{19C678F8-AE96-402A-B2BC-5CC616C4381A}.Release|x86.ActiveCfg = Release|Any CPU
		{8EA8C161-0D87-491F-BF4C-373E34C99563}.Debug|Any CPU.ActiveCfg = Debug|Any CPU
		{8EA8C161-0D87-491F-BF4C-373E34C99563}.Debug|Any CPU.Build.0 = Debug|Any CPU
		{8EA8C161-0D87-491F-BF4C-373E34C99563}.Debug|Mixed Platforms.ActiveCfg = Debug|Any CPU
		{8EA8C161-0D87-491F-BF4C-373E34C99563}.Debug|Mixed Platforms.Build.0 = Debug|Any CPU
		{8EA8C161-0D87-491F-BF4C-373E34C99563}.Debug|x86.ActiveCfg = Debug|Any CPU
		{8EA8C161-0D87-491F-BF4C-373E34C99563}.Release|Any CPU.ActiveCfg = Release|Any CPU
		{8EA8C161-0D87-491F-BF4C-373E34C99563}.Release|Any CPU.Build.0 = Release|Any CPU
		{8EA8C161-0D87-491F-BF4C-373E34C99563}.Release|Mixed Platforms.ActiveCfg = Release|Any CPU
		{8EA8C161-0D87-491F-BF4C-373E34C99563}.Release|Mixed Platforms.Build.0 = Release|Any CPU
		{8EA8C161-0D87-491F-BF4C-373E34C99563}.Release|x86.ActiveCfg = Release|Any CPU
		{EFAF3EA6-875F-4B66-8C75-9F38B2E4B2A3}.Debug|Any CPU.ActiveCfg = Debug|x86
		{EFAF3EA6-875F-4B66-8C75-9F38B2E4B2A3}.Debug|Mixed Platforms.ActiveCfg = Debug|x86
		{EFAF3EA6-875F-4B66-8C75-9F38B2E4B2A3}.Debug|Mixed Platforms.Build.0 = Debug|x86
		{EFAF3EA6-875F-4B66-8C75-9F38B2E4B2A3}.Debug|x86.ActiveCfg = Debug|x86
		{EFAF3EA6-875F-4B66-8C75-9F38B2E4B2A3}.Debug|x86.Build.0 = Debug|x86
		{EFAF3EA6-875F-4B66-8C75-9F38B2E4B2A3}.Release|Any CPU.ActiveCfg = Release|x86
		{EFAF3EA6-875F-4B66-8C75-9F38B2E4B2A3}.Release|Mixed Platforms.ActiveCfg = Release|x86
		{EFAF3EA6-875F-4B66-8C75-9F38B2E4B2A3}.Release|Mixed Platforms.Build.0 = Release|x86
		{EFAF3EA6-875F-4B66-8C75-9F38B2E4B2A3}.Release|x86.ActiveCfg = Release|x86
		{EFAF3EA6-875F-4B66-8C75-9F38B2E4B2A3}.Release|x86.Build.0 = Release|x86
		{A1D3480D-56E2-4EF3-813E-C2A0453D3CCE}.Debug|Any CPU.ActiveCfg = Debug|x86
		{A1D3480D-56E2-4EF3-813E-C2A0453D3CCE}.Debug|Mixed Platforms.ActiveCfg = Debug|x86
		{A1D3480D-56E2-4EF3-813E-C2A0453D3CCE}.Debug|Mixed Platforms.Build.0 = Debug|x86
		{A1D3480D-56E2-4EF3-813E-C2A0453D3CCE}.Debug|x86.ActiveCfg = Debug|x86
		{A1D3480D-56E2-4EF3-813E-C2A0453D3CCE}.Debug|x86.Build.0 = Debug|x86
		{A1D3480D-56E2-4EF3-813E-C2A0453D3CCE}.Release|Any CPU.ActiveCfg = Release|x86
		{A1D3480D-56E2-4EF3-813E-C2A0453D3CCE}.Release|Mixed Platforms.ActiveCfg = Release|x86
		{A1D3480D-56E2-4EF3-813E-C2A0453D3CCE}.Release|Mixed Platforms.Build.0 = Release|x86
		{A1D3480D-56E2-4EF3-813E-C2A0453D3CCE}.Release|x86.ActiveCfg = Release|x86
		{A1D3480D-56E2-4EF3-813E-C2A0453D3CCE}.Release|x86.Build.0 = Release|x86
		{8C7960CD-2BEA-4F33-830B-9F59FB46A917}.Debug|Any CPU.ActiveCfg = Debug|x86
		{8C7960CD-2BEA-4F33-830B-9F59FB46A917}.Debug|Mixed Platforms.ActiveCfg = Debug|x86
		{8C7960CD-2BEA-4F33-830B-9F59FB46A917}.Debug|Mixed Platforms.Build.0 = Debug|x86
		{8C7960CD-2BEA-4F33-830B-9F59FB46A917}.Debug|x86.ActiveCfg = Debug|x86
		{8C7960CD-2BEA-4F33-830B-9F59FB46A917}.Debug|x86.Build.0 = Debug|x86
		{8C7960CD-2BEA-4F33-830B-9F59FB46A917}.Release|Any CPU.ActiveCfg = Release|x86
		{8C7960CD-2BEA-4F33-830B-9F59FB46A917}.Release|Mixed Platforms.ActiveCfg = Release|x86
		{8C7960CD-2BEA-4F33-830B-9F59FB46A917}.Release|Mixed Platforms.Build.0 = Release|x86
		{8C7960CD-2BEA-4F33-830B-9F59FB46A917}.Release|x86.ActiveCfg = Release|x86
		{8C7960CD-2BEA-4F33-830B-9F59FB46A917}.Release|x86.Build.0 = Release|x86
		{E3B83D68-C90C-4874-8E5F-DEC8D038BC7C}.Debug|Any CPU.ActiveCfg = Debug|Any CPU
		{E3B83D68-C90C-4874-8E5F-DEC8D038BC7C}.Debug|Any CPU.Build.0 = Debug|Any CPU
		{E3B83D68-C90C-4874-8E5F-DEC8D038BC7C}.Debug|Mixed Platforms.ActiveCfg = Debug|Any CPU
		{E3B83D68-C90C-4874-8E5F-DEC8D038BC7C}.Debug|Mixed Platforms.Build.0 = Debug|Any CPU
		{E3B83D68-C90C-4874-8E5F-DEC8D038BC7C}.Debug|x86.ActiveCfg = Debug|Any CPU
		{E3B83D68-C90C-4874-8E5F-DEC8D038BC7C}.Release|Any CPU.ActiveCfg = Release|Any CPU
		{E3B83D68-C90C-4874-8E5F-DEC8D038BC7C}.Release|Any CPU.Build.0 = Release|Any CPU
		{E3B83D68-C90C-4874-8E5F-DEC8D038BC7C}.Release|Mixed Platforms.ActiveCfg = Release|Any CPU
		{E3B83D68-C90C-4874-8E5F-DEC8D038BC7C}.Release|Mixed Platforms.Build.0 = Release|Any CPU
		{E3B83D68-C90C-4874-8E5F-DEC8D038BC7C}.Release|x86.ActiveCfg = Release|Any CPU
		{2086F1A5-3D34-40AD-80EF-C1943411451F}.Debug|Any CPU.ActiveCfg = Debug|Any CPU
		{2086F1A5-3D34-40AD-80EF-C1943411451F}.Debug|Any CPU.Build.0 = Debug|Any CPU
		{2086F1A5-3D34-40AD-80EF-C1943411451F}.Debug|Mixed Platforms.ActiveCfg = Debug|Any CPU
		{2086F1A5-3D34-40AD-80EF-C1943411451F}.Debug|Mixed Platforms.Build.0 = Debug|Any CPU
		{2086F1A5-3D34-40AD-80EF-C1943411451F}.Debug|x86.ActiveCfg = Debug|Any CPU
		{2086F1A5-3D34-40AD-80EF-C1943411451F}.Release|Any CPU.ActiveCfg = Release|Any CPU
		{2086F1A5-3D34-40AD-80EF-C1943411451F}.Release|Any CPU.Build.0 = Release|Any CPU
		{2086F1A5-3D34-40AD-80EF-C1943411451F}.Release|Mixed Platforms.ActiveCfg = Release|Any CPU
		{2086F1A5-3D34-40AD-80EF-C1943411451F}.Release|Mixed Platforms.Build.0 = Release|Any CPU
		{2086F1A5-3D34-40AD-80EF-C1943411451F}.Release|x86.ActiveCfg = Release|Any CPU
		{6079A271-93F6-43D7-BEE3-3B98BF78A7C2}.Debug|Any CPU.ActiveCfg = Debug|x86
		{6079A271-93F6-43D7-BEE3-3B98BF78A7C2}.Debug|Mixed Platforms.ActiveCfg = Debug|x86
		{6079A271-93F6-43D7-BEE3-3B98BF78A7C2}.Debug|Mixed Platforms.Build.0 = Debug|x86
		{6079A271-93F6-43D7-BEE3-3B98BF78A7C2}.Debug|x86.ActiveCfg = Debug|x86
		{6079A271-93F6-43D7-BEE3-3B98BF78A7C2}.Debug|x86.Build.0 = Debug|x86
		{6079A271-93F6-43D7-BEE3-3B98BF78A7C2}.Release|Any CPU.ActiveCfg = Release|x86
		{6079A271-93F6-43D7-BEE3-3B98BF78A7C2}.Release|Mixed Platforms.ActiveCfg = Release|x86
		{6079A271-93F6-43D7-BEE3-3B98BF78A7C2}.Release|Mixed Platforms.Build.0 = Release|x86
		{6079A271-93F6-43D7-BEE3-3B98BF78A7C2}.Release|x86.ActiveCfg = Release|x86
		{6079A271-93F6-43D7-BEE3-3B98BF78A7C2}.Release|x86.Build.0 = Release|x86
	EndGlobalSection
	GlobalSection(SolutionProperties) = preSolution
		HideSolutionNode = FALSE
	EndGlobalSection
EndGlobal
